
Microsoft Visual Studio Solution File, Format Version 12.00
# Visual Studio 2013
VisualStudioVersion = 12.0.21005.1
MinimumVisualStudioVersion = 10.0.40219.1
Project("{9092AA53-FB77-4645-B42D-1CCCA6BD08BD}") = "TrafficPredictionWithNode", "TrafficPrediction\TrafficPredictionWithNode.njsproj", "{FFB21331-F495-44F3-A629-898521BD96AF}"
EndProject
Project("{9092AA53-FB77-4645-B42D-1CCCA6BD08BD}") = "Imputor", "Imputor\Imputor.njsproj", "{B0FBA9D7-44B5-4708-9219-8914FEB3D59D}"
EndProject
Global
	GlobalSection(SolutionConfigurationPlatforms) = preSolution
		Debug|Any CPU = Debug|Any CPU
		Release|Any CPU = Release|Any CPU
	EndGlobalSection
	GlobalSection(ProjectConfigurationPlatforms) = postSolution
		{FFB21331-F495-44F3-A629-898521BD96AF}.Debug|Any CPU.ActiveCfg = Debug|Any CPU
		{FFB21331-F495-44F3-A629-898521BD96AF}.Debug|Any CPU.Build.0 = Debug|Any CPU
		{FFB21331-F495-44F3-A629-898521BD96AF}.Release|Any CPU.ActiveCfg = Release|Any CPU
		{FFB21331-F495-44F3-A629-898521BD96AF}.Release|Any CPU.Build.0 = Release|Any CPU
		{B0FBA9D7-44B5-4708-9219-8914FEB3D59D}.Debug|Any CPU.ActiveCfg = Debug|Any CPU
		{B0FBA9D7-44B5-4708-9219-8914FEB3D59D}.Debug|Any CPU.Build.0 = Debug|Any CPU
		{B0FBA9D7-44B5-4708-9219-8914FEB3D59D}.Release|Any CPU.ActiveCfg = Release|Any CPU
		{B0FBA9D7-44B5-4708-9219-8914FEB3D59D}.Release|Any CPU.Build.0 = Release|Any CPU
	EndGlobalSection
	GlobalSection(SolutionProperties) = preSolution
		HideSolutionNode = FALSE
	EndGlobalSection
EndGlobal
